
Microsoft Visual Studio Solution File, Format Version 12.00
# Visual Studio Version 17
VisualStudioVersion = 17.0.31912.275
MinimumVisualStudioVersion = 10.0.40219.1
Project("{00D1A9C2-B5F0-4AF3-8072-F6C62B433612}") = "UsersDB", "UsersDB\UsersDB.sqlproj", "{34552E24-E0E8-41B5-AD59-788B16D98E61}"
EndProject
Project("{FAE04EC0-301F-11D3-BF4B-00C04F79EFBC}") = "DataAccess", "DataAccess\DataAccess.csproj", "{E698E813-E9BB-4807-A306-B57805658BCF}"
EndProject
Project("{2150E333-8FDC-42A3-9474-1A3956D46DE8}") = "Solution Items", "Solution Items", "{FD3D0CAC-6FBE-4985-A6DB-8CBCC58A0AEF}"
	ProjectSection(SolutionItems) = preProject
		.editorconfig = .editorconfig
	EndProjectSection
EndProject
Project("{FAE04EC0-301F-11D3-BF4B-00C04F79EFBC}") = "UsersAPI", "UsersAPI\UsersAPI.csproj", "{0F989DAF-AE51-4324-B345-52EE4F7DD1E6}"
EndProject
Global
	GlobalSection(SolutionConfigurationPlatforms) = preSolution
		Debug|Any CPU = Debug|Any CPU
		Release|Any CPU = Release|Any CPU
	EndGlobalSection
	GlobalSection(ProjectConfigurationPlatforms) = postSolution
		{34552E24-E0E8-41B5-AD59-788B16D98E61}.Debug|Any CPU.ActiveCfg = Debug|Any CPU
		{34552E24-E0E8-41B5-AD59-788B16D98E61}.Debug|Any CPU.Build.0 = Debug|Any CPU
		{34552E24-E0E8-41B5-AD59-788B16D98E61}.Debug|Any CPU.Deploy.0 = Debug|Any CPU
		{34552E24-E0E8-41B5-AD59-788B16D98E61}.Release|Any CPU.ActiveCfg = Release|Any CPU
		{34552E24-E0E8-41B5-AD59-788B16D98E61}.Release|Any CPU.Build.0 = Release|Any CPU
		{34552E24-E0E8-41B5-AD59-788B16D98E61}.Release|Any CPU.Deploy.0 = Release|Any CPU
		{E698E813-E9BB-4807-A306-B57805658BCF}.Debug|Any CPU.ActiveCfg = Debug|Any CPU
		{E698E813-E9BB-4807-A306-B57805658BCF}.Debug|Any CPU.Build.0 = Debug|Any CPU
		{E698E813-E9BB-4807-A306-B57805658BCF}.Release|Any CPU.ActiveCfg = Release|Any CPU
		{E698E813-E9BB-4807-A306-B57805658BCF}.Release|Any CPU.Build.0 = Release|Any CPU
		{0F989DAF-AE51-4324-B345-52EE4F7DD1E6}.Debug|Any CPU.ActiveCfg = Debug|Any CPU
		{0F989DAF-AE51-4324-B345-52EE4F7DD1E6}.Debug|Any CPU.Build.0 = Debug|Any CPU
		{0F989DAF-AE51-4324-B345-52EE4F7DD1E6}.Release|Any CPU.ActiveCfg = Release|Any CPU
		{0F989DAF-AE51-4324-B345-52EE4F7DD1E6}.Release|Any CPU.Build.0 = Release|Any CPU
	EndGlobalSection
	GlobalSection(SolutionProperties) = preSolution
		HideSolutionNode = FALSE
	EndGlobalSection
	GlobalSection(ExtensibilityGlobals) = postSolution
		SolutionGuid = {515389A7-585E-480A-AF71-44FF266A059B}
	EndGlobalSection
EndGlobal
